{
  "version": 4,
  "terraform_version": "1.9.0",
  "serial": 81,
  "lineage": "ad1605ba-a45a-dfc9-0a67-bfb5c06bdb4e",
  "outputs": {
    "app-images-registry-id": {
      "value": "crpiabkblcos503jpime",
      "type": "string"
    },
    "flask-app-repository-name": {
      "value": "crpiabkblcos503jpime/flask-app",
      "type": "string"
    },
    "helm-charts-registry-id": {
      "value": "crpku0cv3ab44meb15oe",
      "type": "string"
    },
    "vault-repository-name": {
      "value": "crpku0cv3ab44meb15oe/vault",
      "type": "string"
    }
  },
  "resources": [
    {
      "mode": "managed",
      "type": "yandex_container_registry",
      "name": "app-images",
      "provider": "provider[\"registry.terraform.io/yandex-cloud/yandex\"]",
      "instances": [
        {
          "schema_version": 0,
          "attributes": {
            "created_at": "2024-07-04T14:13:34Z",
            "folder_id": "b1ga67uu4dmh7a6btpgp",
            "id": "crpiabkblcos503jpime",
            "labels": null,
            "name": "app-images",
            "status": "active",
            "timeouts": null
          },
          "sensitive_attributes": [],
          "private": "eyJlMmJmYjczMC1lY2FhLTExZTYtOGY4OC0zNDM2M2JjN2M0YzAiOnsiY3JlYXRlIjo5MDAwMDAwMDAwMDAsImRlbGV0ZSI6OTAwMDAwMDAwMDAwLCJ1cGRhdGUiOjkwMDAwMDAwMDAwMH19"
        }
      ]
    },
    {
      "mode": "managed",
      "type": "yandex_container_registry",
      "name": "helm-charts",
      "provider": "provider[\"registry.terraform.io/yandex-cloud/yandex\"]",
      "instances": [
        {
          "schema_version": 0,
          "attributes": {
            "created_at": "2024-07-04T12:38:44Z",
            "folder_id": "b1ga67uu4dmh7a6btpgp",
            "id": "crpku0cv3ab44meb15oe",
            "labels": {},
            "name": "helm-charts",
            "status": "active",
            "timeouts": null
          },
          "sensitive_attributes": [],
          "private": "eyJlMmJmYjczMC1lY2FhLTExZTYtOGY4OC0zNDM2M2JjN2M0YzAiOnsiY3JlYXRlIjo5MDAwMDAwMDAwMDAsImRlbGV0ZSI6OTAwMDAwMDAwMDAwLCJ1cGRhdGUiOjkwMDAwMDAwMDAwMH19"
        }
      ]
    },
    {
      "mode": "managed",
      "type": "yandex_container_repository",
      "name": "flask-app",
      "provider": "provider[\"registry.terraform.io/yandex-cloud/yandex\"]",
      "instances": [
        {
          "schema_version": 0,
          "attributes": {
            "id": "crpcdj8qn5o5je5er2mh",
            "name": "crpiabkblcos503jpime/flask-app",
            "timeouts": null
          },
          "sensitive_attributes": [],
          "private": "eyJlMmJmYjczMC1lY2FhLTExZTYtOGY4OC0zNDM2M2JjN2M0YzAiOnsiY3JlYXRlIjozMDAwMDAwMDAwMDAsImRlbGV0ZSI6MzAwMDAwMDAwMDAwfX0=",
          "dependencies": [
            "yandex_container_registry.app-images"
          ]
        }
      ]
    },
    {
      "mode": "managed",
      "type": "yandex_container_repository",
      "name": "vault",
      "provider": "provider[\"registry.terraform.io/yandex-cloud/yandex\"]",
      "instances": [
        {
          "schema_version": 0,
          "attributes": {
            "id": "crp43pmpcebf58man5ri",
            "name": "crpku0cv3ab44meb15oe/vault",
            "timeouts": null
          },
          "sensitive_attributes": [],
          "private": "eyJlMmJmYjczMC1lY2FhLTExZTYtOGY4OC0zNDM2M2JjN2M0YzAiOnsiY3JlYXRlIjozMDAwMDAwMDAwMDAsImRlbGV0ZSI6MzAwMDAwMDAwMDAwfX0=",
          "dependencies": [
            "yandex_container_registry.helm-charts"
          ]
        }
      ]
    },
    {
      "mode": "managed",
      "type": "yandex_iam_service_account",
      "name": "myaccount",
      "provider": "provider[\"registry.terraform.io/yandex-cloud/yandex\"]",
      "instances": [
        {
          "schema_version": 0,
          "attributes": {
            "created_at": "2024-07-02T14:56:11Z",
            "description": "K8S zonal service account",
            "folder_id": "b1ga67uu4dmh7a6btpgp",
            "id": "ajeq8kv2ajqqhvkqt7k1",
            "name": "zonal-k8s-account",
            "timeouts": null
          },
          "sensitive_attributes": [],
          "private": "eyJlMmJmYjczMC1lY2FhLTExZTYtOGY4OC0zNDM2M2JjN2M0YzAiOnsiY3JlYXRlIjo2MDAwMDAwMDAwMCwiZGVsZXRlIjo2MDAwMDAwMDAwMCwidXBkYXRlIjo2MDAwMDAwMDAwMH19"
        }
      ]
    },
    {
      "mode": "managed",
      "type": "yandex_kms_symmetric_key",
      "name": "kms-key",
      "provider": "provider[\"registry.terraform.io/yandex-cloud/yandex\"]",
      "instances": [
        {
          "schema_version": 1,
          "attributes": {
            "created_at": "2024-07-02T14:56:11Z",
            "default_algorithm": "AES_128",
            "deletion_protection": false,
            "description": "",
            "folder_id": "b1ga67uu4dmh7a6btpgp",
            "id": "abj0c4te3mlns11pldsa",
            "labels": {},
            "name": "kms-key",
            "rotated_at": "",
            "rotation_period": "8760h0m0s",
            "status": "active",
            "timeouts": null
          },
          "sensitive_attributes": [],
          "private": "eyJlMmJmYjczMC1lY2FhLTExZTYtOGY4OC0zNDM2M2JjN2M0YzAiOnsiY3JlYXRlIjo2MDAwMDAwMDAwMCwiZGVsZXRlIjo2MDAwMDAwMDAwMCwicmVhZCI6NjAwMDAwMDAwMDAsInVwZGF0ZSI6NjAwMDAwMDAwMDB9LCJzY2hlbWFfdmVyc2lvbiI6IjEifQ=="
        }
      ]
    },
    {
      "mode": "managed",
      "type": "yandex_kubernetes_cluster",
      "name": "k8s-zonal",
      "provider": "provider[\"registry.terraform.io/yandex-cloud/yandex\"]",
      "instances": [
        {
          "schema_version": 0,
          "attributes": {
            "cluster_ipv4_range": "10.112.0.0/16",
            "cluster_ipv6_range": "",
            "created_at": "2024-07-03T16:01:49Z",
            "description": "",
            "folder_id": "b1ga67uu4dmh7a6btpgp",
            "health": "healthy",
            "id": "cat6klahqhfo386i0g7e",
            "kms_provider": [
              {
                "key_id": "abj0c4te3mlns11pldsa"
              }
            ],
            "labels": {},
            "log_group_id": "",
            "master": [
              {
                "cluster_ca_certificate": "-----BEGIN CERTIFICATE-----\nMIIC5zCCAc+gAwIBAgIBADANBgkqhkiG9w0BAQsFADAVMRMwEQYDVQQDEwprdWJl\ncm5ldGVzMB4XDTI0MDcwMzE2MDE1OFoXDTM0MDcwMTE2MDE1OFowFTETMBEGA1UE\nAxMKa3ViZXJuZXRlczCCASIwDQYJKoZIhvcNAQEBBQADggEPADCCAQoCggEBANgC\nYrfCk8q60kmCq2X3zC888ofr3sfO1fT1SNBmvvkYv+pBZhBxYiYhLd9ZrKxqrhmY\nV4Xvd3p1uliY2h6lUyjN2PG6NCBcWkJE7Jqcwuo1mezo0ZB8WhtkfM+OeBrhTKM3\n76eydJFqatMbk/U+zyw/bqLHPPrFY1WLGFWAkiWS4waVs70WGyVlYabR1MY0SoSW\ny0MgBV6JlozaYUsjpAwZnnD+VGOKQZqCM+xWz2Q2pPANyv5Gnbny2vkFK6QOtcKe\nVeRBotjVNbieIiCexYDBYZB1/PX+X9oLDgmfOaVwO4+8KKavaj1FpOiuLLnbH5Av\nDxsTL7X4GkSiTkUyqW0CAwEAAaNCMEAwDgYDVR0PAQH/BAQDAgKkMA8GA1UdEwEB\n/wQFMAMBAf8wHQYDVR0OBBYEFEIqYYK4rH2dUjt4dxuhHjCyaITfMA0GCSqGSIb3\nDQEBCwUAA4IBAQCDmVTNBXHjbHdZlhRjsFzF+ed7+C8jDsBDJXqKMPL1m5kwfu/S\n4QeNFEnaQLvKLYnRh6dYO8v2CPummFR+kuwWllvukSlb4/zdaTOV348nynUU23qk\nAO+mY8qoM12AGpHRZ2zpcSCBEeHO+jt7UhxWwThFMxcuWriA2KCC4M4GhTPWU4Wp\n03QgRDonXgfhidSsAa9nkFY7mHKCLK589tQqconvpMeCATMeFP4rtBN2ptH8NbPm\n8pnQ+0cdVVMCIiQq6mQv4HMVpb83H0hXq6LW6pZ99Eae8eGcQtYZZf2QLbQmf34u\n1Igv6oISWw9+ABuDsxuiEQTwtCq23CszUm7o\n-----END CERTIFICATE-----\n",
                "etcd_cluster_size": 1,
                "external_v4_address": "",
                "external_v4_endpoint": "",
                "external_v6_address": "",
                "external_v6_endpoint": "",
                "internal_v4_address": "10.1.0.11",
                "internal_v4_endpoint": "https://10.1.0.11",
                "maintenance_policy": [
                  {
                    "auto_upgrade": true,
                    "maintenance_window": []
                  }
                ],
                "master_location": [
                  {
                    "subnet_id": "e9bguhuqchk7ph3m4rb7",
                    "zone": "ru-central1-a"
                  }
                ],
                "master_logging": [],
                "public_ip": false,
                "regional": [],
                "security_group_ids": [
                  "enpv2vo61ipho74pm1ne"
                ],
                "version": "1.27",
                "version_info": [
                  {
                    "current_version": "1.27",
                    "new_revision_available": false,
                    "new_revision_summary": "",
                    "version_deprecated": false
                  }
                ],
                "zonal": [
                  {
                    "subnet_id": "",
                    "zone": "ru-central1-a"
                  }
                ]
              }
            ],
            "name": "k8s-zonal",
            "network_id": "enp4h7623ca28kbiuaa1",
            "network_implementation": [],
            "network_policy_provider": null,
            "node_ipv4_cidr_mask_size": 24,
            "node_service_account_id": "ajeq8kv2ajqqhvkqt7k1",
            "release_channel": "REGULAR",
            "service_account_id": "ajeq8kv2ajqqhvkqt7k1",
            "service_ipv4_range": "10.96.0.0/16",
            "service_ipv6_range": "",
            "status": "stopped",
            "timeouts": null
          },
          "sensitive_attributes": [],
          "private": "eyJlMmJmYjczMC1lY2FhLTExZTYtOGY4OC0zNDM2M2JjN2M0YzAiOnsiY3JlYXRlIjoxODAwMDAwMDAwMDAwLCJkZWxldGUiOjEyMDAwMDAwMDAwMDAsInJlYWQiOjMwMDAwMDAwMDAwMCwidXBkYXRlIjoxODAwMDAwMDAwMDAwfX0=",
          "dependencies": [
            "yandex_iam_service_account.myaccount",
            "yandex_kms_symmetric_key.kms-key",
            "yandex_resourcemanager_folder_iam_member.encrypterDecrypter",
            "yandex_resourcemanager_folder_iam_member.images-puller",
            "yandex_resourcemanager_folder_iam_member.k8s-clusters-agent",
            "yandex_resourcemanager_folder_iam_member.vpc-public-admin",
            "yandex_vpc_network.mynet",
            "yandex_vpc_security_group.k8s-public-services",
            "yandex_vpc_subnet.mysubnet"
          ]
        }
      ]
    },
    {
      "mode": "managed",
      "type": "yandex_kubernetes_node_group",
      "name": "nodegroup",
      "provider": "provider[\"registry.terraform.io/yandex-cloud/yandex\"]",
      "instances": [
        {
          "schema_version": 0,
          "attributes": {
            "allocation_policy": [
              {
                "location": [
                  {
                    "subnet_id": "e9bguhuqchk7ph3m4rb7",
                    "zone": "ru-central1-a"
                  }
                ]
              }
            ],
            "allowed_unsafe_sysctls": [],
            "cluster_id": "cat6klahqhfo386i0g7e",
            "created_at": "2024-07-03T16:45:06Z",
            "deploy_policy": [
              {
                "max_expansion": 3,
                "max_unavailable": 0
              }
            ],
            "description": "group",
            "id": "cattjv6n6qp6oj7sd1oe",
            "instance_group_id": "cl186l3hof65o8pnd8hn",
            "instance_template": [
              {
                "boot_disk": [
                  {
                    "size": 64,
                    "type": "network-hdd"
                  }
                ],
                "container_network": [
                  {
                    "pod_mtu": 0
                  }
                ],
                "container_runtime": [
                  {
                    "type": "containerd"
                  }
                ],
                "gpu_settings": [],
                "labels": {},
                "metadata": {},
                "name": "",
                "nat": false,
                "network_acceleration_type": "type_unspecified",
                "network_interface": [
                  {
                    "ipv4": true,
                    "ipv4_dns_records": [],
                    "ipv6": false,
                    "ipv6_dns_records": [],
                    "nat": false,
                    "security_group_ids": [],
                    "subnet_ids": [
                      "e9bguhuqchk7ph3m4rb7"
                    ]
                  }
                ],
                "placement_policy": [],
                "platform_id": "standard-v2",
                "resources": [
                  {
                    "core_fraction": 5,
                    "cores": 2,
                    "gpus": 0,
                    "memory": 2
                  }
                ],
                "scheduling_policy": [
                  {
                    "preemptible": false
                  }
                ]
              }
            ],
            "labels": {
              "key": "value"
            },
            "maintenance_policy": [
              {
                "auto_repair": true,
                "auto_upgrade": true,
                "maintenance_window": []
              }
            ],
            "name": "nodegroup",
            "node_labels": {},
            "node_taints": [],
            "scale_policy": [
              {
                "auto_scale": [],
                "fixed_scale": [
                  {
                    "size": 2
                  }
                ]
              }
            ],
            "status": "stopped",
            "timeouts": null,
            "version": "1.27",
            "version_info": [
              {
                "current_version": "1.27",
                "new_revision_available": false,
                "new_revision_summary": "",
                "version_deprecated": false
              }
            ]
          },
          "sensitive_attributes": [],
          "private": "eyJlMmJmYjczMC1lY2FhLTExZTYtOGY4OC0zNDM2M2JjN2M0YzAiOnsiY3JlYXRlIjozNjAwMDAwMDAwMDAwLCJkZWxldGUiOjEyMDAwMDAwMDAwMDAsInJlYWQiOjYwMDAwMDAwMDAwMCwidXBkYXRlIjozNjAwMDAwMDAwMDAwfX0=",
          "dependencies": [
            "yandex_iam_service_account.myaccount",
            "yandex_kms_symmetric_key.kms-key",
            "yandex_kubernetes_cluster.k8s-zonal",
            "yandex_resourcemanager_folder_iam_member.encrypterDecrypter",
            "yandex_resourcemanager_folder_iam_member.images-puller",
            "yandex_resourcemanager_folder_iam_member.k8s-clusters-agent",
            "yandex_resourcemanager_folder_iam_member.vpc-public-admin",
            "yandex_vpc_network.mynet",
            "yandex_vpc_security_group.k8s-public-services",
            "yandex_vpc_subnet.mysubnet"
          ]
        }
      ]
    },
    {
      "mode": "managed",
      "type": "yandex_resourcemanager_folder_iam_member",
      "name": "encrypterDecrypter",
      "provider": "provider[\"registry.terraform.io/yandex-cloud/yandex\"]",
      "instances": [
        {
          "schema_version": 0,
          "attributes": {
            "folder_id": "b1ga67uu4dmh7a6btpgp",
            "id": "b1ga67uu4dmh7a6btpgp/kms.keys.encrypterDecrypter/serviceAccount:ajeq8kv2ajqqhvkqt7k1",
            "member": "serviceAccount:ajeq8kv2ajqqhvkqt7k1",
            "role": "kms.keys.encrypterDecrypter",
            "sleep_after": null,
            "timeouts": null
          },
          "sensitive_attributes": [],
          "private": "eyJlMmJmYjczMC1lY2FhLTExZTYtOGY4OC0zNDM2M2JjN2M0YzAiOnsiY3JlYXRlIjo2MDAwMDAwMDAwMCwiZGVmYXVsdCI6NjAwMDAwMDAwMDAsImRlbGV0ZSI6NjAwMDAwMDAwMDAsInJlYWQiOjYwMDAwMDAwMDAwLCJ1cGRhdGUiOjYwMDAwMDAwMDAwfX0=",
          "dependencies": [
            "yandex_iam_service_account.myaccount"
          ]
        }
      ]
    },
    {
      "mode": "managed",
      "type": "yandex_resourcemanager_folder_iam_member",
      "name": "images-puller",
      "provider": "provider[\"registry.terraform.io/yandex-cloud/yandex\"]",
      "instances": [
        {
          "schema_version": 0,
          "attributes": {
            "folder_id": "b1ga67uu4dmh7a6btpgp",
            "id": "b1ga67uu4dmh7a6btpgp/container-registry.images.puller/serviceAccount:ajeq8kv2ajqqhvkqt7k1",
            "member": "serviceAccount:ajeq8kv2ajqqhvkqt7k1",
            "role": "container-registry.images.puller",
            "sleep_after": null,
            "timeouts": null
          },
          "sensitive_attributes": [],
          "private": "eyJlMmJmYjczMC1lY2FhLTExZTYtOGY4OC0zNDM2M2JjN2M0YzAiOnsiY3JlYXRlIjo2MDAwMDAwMDAwMCwiZGVmYXVsdCI6NjAwMDAwMDAwMDAsImRlbGV0ZSI6NjAwMDAwMDAwMDAsInJlYWQiOjYwMDAwMDAwMDAwLCJ1cGRhdGUiOjYwMDAwMDAwMDAwfX0=",
          "dependencies": [
            "yandex_iam_service_account.myaccount"
          ]
        }
      ]
    },
    {
      "mode": "managed",
      "type": "yandex_resourcemanager_folder_iam_member",
      "name": "k8s-clusters-agent",
      "provider": "provider[\"registry.terraform.io/yandex-cloud/yandex\"]",
      "instances": [
        {
          "schema_version": 0,
          "attributes": {
            "folder_id": "b1ga67uu4dmh7a6btpgp",
            "id": "b1ga67uu4dmh7a6btpgp/k8s.clusters.agent/serviceAccount:ajeq8kv2ajqqhvkqt7k1",
            "member": "serviceAccount:ajeq8kv2ajqqhvkqt7k1",
            "role": "k8s.clusters.agent",
            "sleep_after": null,
            "timeouts": null
          },
          "sensitive_attributes": [],
          "private": "eyJlMmJmYjczMC1lY2FhLTExZTYtOGY4OC0zNDM2M2JjN2M0YzAiOnsiY3JlYXRlIjo2MDAwMDAwMDAwMCwiZGVmYXVsdCI6NjAwMDAwMDAwMDAsImRlbGV0ZSI6NjAwMDAwMDAwMDAsInJlYWQiOjYwMDAwMDAwMDAwLCJ1cGRhdGUiOjYwMDAwMDAwMDAwfX0=",
          "dependencies": [
            "yandex_iam_service_account.myaccount"
          ]
        }
      ]
    },
    {
      "mode": "managed",
      "type": "yandex_resourcemanager_folder_iam_member",
      "name": "vpc-public-admin",
      "provider": "provider[\"registry.terraform.io/yandex-cloud/yandex\"]",
      "instances": [
        {
          "schema_version": 0,
          "attributes": {
            "folder_id": "b1ga67uu4dmh7a6btpgp",
            "id": "b1ga67uu4dmh7a6btpgp/vpc.publicAdmin/serviceAccount:ajeq8kv2ajqqhvkqt7k1",
            "member": "serviceAccount:ajeq8kv2ajqqhvkqt7k1",
            "role": "vpc.publicAdmin",
            "sleep_after": null,
            "timeouts": null
          },
          "sensitive_attributes": [],
          "private": "eyJlMmJmYjczMC1lY2FhLTExZTYtOGY4OC0zNDM2M2JjN2M0YzAiOnsiY3JlYXRlIjo2MDAwMDAwMDAwMCwiZGVmYXVsdCI6NjAwMDAwMDAwMDAsImRlbGV0ZSI6NjAwMDAwMDAwMDAsInJlYWQiOjYwMDAwMDAwMDAwLCJ1cGRhdGUiOjYwMDAwMDAwMDAwfX0=",
          "dependencies": [
            "yandex_iam_service_account.myaccount"
          ]
        }
      ]
    },
    {
      "mode": "managed",
      "type": "yandex_vpc_network",
      "name": "mynet",
      "provider": "provider[\"registry.terraform.io/yandex-cloud/yandex\"]",
      "instances": [
        {
          "schema_version": 0,
          "attributes": {
            "created_at": "2024-07-02T14:56:11Z",
            "default_security_group_id": "enplnpnpligd330ag3cj",
            "description": "",
            "folder_id": "b1ga67uu4dmh7a6btpgp",
            "id": "enp4h7623ca28kbiuaa1",
            "labels": {},
            "name": "mynet",
            "subnet_ids": [
              "e9bero4pv3e6v96ap8ha",
              "e9bguhuqchk7ph3m4rb7",
              "e9bnlfc5kf7iqskgo0vj"
            ],
            "timeouts": null
          },
          "sensitive_attributes": [],
          "private": "eyJlMmJmYjczMC1lY2FhLTExZTYtOGY4OC0zNDM2M2JjN2M0YzAiOnsiY3JlYXRlIjo2MDAwMDAwMDAwMCwiZGVsZXRlIjo2MDAwMDAwMDAwMCwidXBkYXRlIjo2MDAwMDAwMDAwMH19"
        }
      ]
    },
    {
      "mode": "managed",
      "type": "yandex_vpc_security_group",
      "name": "k8s-public-services",
      "provider": "provider[\"registry.terraform.io/yandex-cloud/yandex\"]",
      "instances": [
        {
          "schema_version": 0,
          "attributes": {
            "created_at": "2024-07-02T14:56:13Z",
            "description": "Правила группы разрешают подключение к сервисам из интернета. Примените правила только для групп узлов.",
            "egress": [
              {
                "description": "Правило разрешает весь исходящий трафик. Узлы могут связаться с Yandex Container Registry, Yandex Object Storage, Docker Hub и т. д.",
                "from_port": 0,
                "id": "enpi7v9d7acdbbj0va4r",
                "labels": {},
                "port": -1,
                "predefined_target": "",
                "protocol": "ANY",
                "security_group_id": "",
                "to_port": 65535,
                "v4_cidr_blocks": [
                  "0.0.0.0/0"
                ],
                "v6_cidr_blocks": []
              }
            ],
            "folder_id": "b1ga67uu4dmh7a6btpgp",
            "id": "enpv2vo61ipho74pm1ne",
            "ingress": [
              {
                "description": "Правило разрешает взаимодействие мастер-узел и узел-узел внутри группы безопасности.",
                "from_port": 0,
                "id": "enp025toh560v1c7ma10",
                "labels": {},
                "port": -1,
                "predefined_target": "self_security_group",
                "protocol": "ANY",
                "security_group_id": "",
                "to_port": 65535,
                "v4_cidr_blocks": [],
                "v6_cidr_blocks": []
              },
              {
                "description": "Правило разрешает взаимодействие под-под и сервис-сервис. Укажите подсети вашего кластера Managed Service for Kubernetes и сервисов.",
                "from_port": 0,
                "id": "enpnfkf41f9nq1fo7csi",
                "labels": {},
                "port": -1,
                "predefined_target": "",
                "protocol": "ANY",
                "security_group_id": "",
                "to_port": 65535,
                "v4_cidr_blocks": [
                  "10.1.0.0/16"
                ],
                "v6_cidr_blocks": []
              },
              {
                "description": "Правило разрешает входящий трафик из интернета на диапазон портов NodePort. Добавьте или измените порты на нужные вам.",
                "from_port": 30000,
                "id": "enpvjp8n7dsko9v537j8",
                "labels": {},
                "port": -1,
                "predefined_target": "",
                "protocol": "TCP",
                "security_group_id": "",
                "to_port": 32767,
                "v4_cidr_blocks": [
                  "0.0.0.0/0"
                ],
                "v6_cidr_blocks": []
              },
              {
                "description": "Правило разрешает отладочные ICMP-пакеты из внутренних подсетей.",
                "from_port": -1,
                "id": "enpqed0f6iadvk075lml",
                "labels": {},
                "port": -1,
                "predefined_target": "",
                "protocol": "ICMP",
                "security_group_id": "",
                "to_port": -1,
                "v4_cidr_blocks": [
                  "10.0.0.0/8",
                  "172.16.0.0/12",
                  "192.168.0.0/16"
                ],
                "v6_cidr_blocks": []
              },
              {
                "description": "Правило разрешает проверки доступности с диапазона адресов балансировщика нагрузки. Нужно для работы отказоустойчивого кластера Managed Service for Kubernetes и сервисов балансировщика.",
                "from_port": 0,
                "id": "enpbk2pbnmt2gj2fmm95",
                "labels": {},
                "port": -1,
                "predefined_target": "loadbalancer_healthchecks",
                "protocol": "TCP",
                "security_group_id": "",
                "to_port": 65535,
                "v4_cidr_blocks": [],
                "v6_cidr_blocks": []
              }
            ],
            "labels": {},
            "name": "k8s-public-services",
            "network_id": "enp4h7623ca28kbiuaa1",
            "status": "ACTIVE",
            "timeouts": null
          },
          "sensitive_attributes": [],
          "private": "eyJlMmJmYjczMC1lY2FhLTExZTYtOGY4OC0zNDM2M2JjN2M0YzAiOnsiY3JlYXRlIjoxODAwMDAwMDAwMDAsImRlbGV0ZSI6MTgwMDAwMDAwMDAwLCJ1cGRhdGUiOjE4MDAwMDAwMDAwMH19",
          "dependencies": [
            "yandex_vpc_network.mynet",
            "yandex_vpc_subnet.mysubnet"
          ]
        }
      ]
    },
    {
      "mode": "managed",
      "type": "yandex_vpc_subnet",
      "name": "mysubnet",
      "provider": "provider[\"registry.terraform.io/yandex-cloud/yandex\"]",
      "instances": [
        {
          "schema_version": 0,
          "attributes": {
            "created_at": "2024-07-02T14:56:12Z",
            "description": "",
            "dhcp_options": [],
            "folder_id": "b1ga67uu4dmh7a6btpgp",
            "id": "e9bguhuqchk7ph3m4rb7",
            "labels": {},
            "name": "mysubnet",
            "network_id": "enp4h7623ca28kbiuaa1",
            "route_table_id": "",
            "timeouts": null,
            "v4_cidr_blocks": [
              "10.1.0.0/16"
            ],
            "v6_cidr_blocks": [],
            "zone": "ru-central1-a"
          },
          "sensitive_attributes": [],
          "private": "eyJlMmJmYjczMC1lY2FhLTExZTYtOGY4OC0zNDM2M2JjN2M0YzAiOnsiY3JlYXRlIjoxODAwMDAwMDAwMDAsImRlbGV0ZSI6MTgwMDAwMDAwMDAwLCJ1cGRhdGUiOjE4MDAwMDAwMDAwMH19",
          "dependencies": [
            "yandex_vpc_network.mynet"
          ]
        }
      ]
    }
  ],
  "check_results": null
}
