{
  "version": 4,
  "terraform_version": "1.9.0",
  "serial": 163,
  "lineage": "ad1605ba-a45a-dfc9-0a67-bfb5c06bdb4e",
  "outputs": {
    "app-images-registry-id": {
      "value": "crp57lp08gmtcmshdeoo",
      "type": "string"
    },
    "flask-app-repository-name": {
      "value": "crp57lp08gmtcmshdeoo/flask-app",
      "type": "string"
    },
    "helm-charts-registry-id": {
      "value": "crpku0cv3ab44meb15oe",
      "type": "string"
    },
    "kubernetes_cluster_endpoint": {
      "value": "https://158.160.46.184",
      "type": "string"
    },
    "kubernetes_cluster_id": {
      "value": "catbpsidh841qc0kou99",
      "type": "string"
    },
    "vault-repository-name": {
      "value": "crpku0cv3ab44meb15oe/vault",
      "type": "string"
    }
  },
  "resources": [
    {
      "mode": "managed",
      "type": "yandex_container_registry",
      "name": "app-images",
      "provider": "provider[\"registry.terraform.io/yandex-cloud/yandex\"]",
      "instances": [
        {
          "schema_version": 0,
          "attributes": {
            "created_at": "2024-07-04T17:24:08Z",
            "folder_id": "b1ga67uu4dmh7a6btpgp",
            "id": "crp57lp08gmtcmshdeoo",
            "labels": {},
            "name": "app-images",
            "status": "active",
            "timeouts": null
          },
          "sensitive_attributes": [],
          "private": "eyJlMmJmYjczMC1lY2FhLTExZTYtOGY4OC0zNDM2M2JjN2M0YzAiOnsiY3JlYXRlIjo5MDAwMDAwMDAwMDAsImRlbGV0ZSI6OTAwMDAwMDAwMDAwLCJ1cGRhdGUiOjkwMDAwMDAwMDAwMH19"
        }
      ]
    },
    {
      "mode": "managed",
      "type": "yandex_container_registry",
      "name": "helm-charts",
      "provider": "provider[\"registry.terraform.io/yandex-cloud/yandex\"]",
      "instances": [
        {
          "schema_version": 0,
          "attributes": {
            "created_at": "2024-07-04T12:38:44Z",
            "folder_id": "b1ga67uu4dmh7a6btpgp",
            "id": "crpku0cv3ab44meb15oe",
            "labels": {},
            "name": "helm-charts",
            "status": "active",
            "timeouts": null
          },
          "sensitive_attributes": [],
          "private": "eyJlMmJmYjczMC1lY2FhLTExZTYtOGY4OC0zNDM2M2JjN2M0YzAiOnsiY3JlYXRlIjo5MDAwMDAwMDAwMDAsImRlbGV0ZSI6OTAwMDAwMDAwMDAwLCJ1cGRhdGUiOjkwMDAwMDAwMDAwMH19"
        }
      ]
    },
    {
      "mode": "managed",
      "type": "yandex_container_repository",
      "name": "flask-app",
      "provider": "provider[\"registry.terraform.io/yandex-cloud/yandex\"]",
      "instances": [
        {
          "schema_version": 0,
          "attributes": {
            "id": "crpt9frklf94rfu865oe",
            "name": "crp57lp08gmtcmshdeoo/flask-app",
            "timeouts": null
          },
          "sensitive_attributes": [],
          "private": "eyJlMmJmYjczMC1lY2FhLTExZTYtOGY4OC0zNDM2M2JjN2M0YzAiOnsiY3JlYXRlIjozMDAwMDAwMDAwMDAsImRlbGV0ZSI6MzAwMDAwMDAwMDAwfX0=",
          "dependencies": [
            "yandex_container_registry.app-images"
          ]
        }
      ]
    },
    {
      "mode": "managed",
      "type": "yandex_container_repository",
      "name": "vault",
      "provider": "provider[\"registry.terraform.io/yandex-cloud/yandex\"]",
      "instances": [
        {
          "schema_version": 0,
          "attributes": {
            "id": "crp43pmpcebf58man5ri",
            "name": "crpku0cv3ab44meb15oe/vault",
            "timeouts": null
          },
          "sensitive_attributes": [],
          "private": "eyJlMmJmYjczMC1lY2FhLTExZTYtOGY4OC0zNDM2M2JjN2M0YzAiOnsiY3JlYXRlIjozMDAwMDAwMDAwMDAsImRlbGV0ZSI6MzAwMDAwMDAwMDAwfX0=",
          "dependencies": [
            "yandex_container_registry.helm-charts"
          ]
        }
      ]
    },
    {
      "mode": "managed",
      "type": "yandex_iam_service_account",
      "name": "myaccount",
      "provider": "provider[\"registry.terraform.io/yandex-cloud/yandex\"]",
      "instances": [
        {
          "schema_version": 0,
          "attributes": {
            "created_at": "2024-07-04T16:50:42Z",
            "description": "K8S zonal service account",
            "folder_id": "b1ga67uu4dmh7a6btpgp",
            "id": "ajeuh5fatkp8f48j7g6f",
            "name": "zonal-k8s-account",
            "timeouts": null
          },
          "sensitive_attributes": [],
          "private": "eyJlMmJmYjczMC1lY2FhLTExZTYtOGY4OC0zNDM2M2JjN2M0YzAiOnsiY3JlYXRlIjo2MDAwMDAwMDAwMCwiZGVsZXRlIjo2MDAwMDAwMDAwMCwidXBkYXRlIjo2MDAwMDAwMDAwMH19"
        }
      ]
    },
    {
      "mode": "managed",
      "type": "yandex_kms_symmetric_key",
      "name": "kms-key",
      "provider": "provider[\"registry.terraform.io/yandex-cloud/yandex\"]",
      "instances": [
        {
          "schema_version": 1,
          "attributes": {
            "created_at": "2024-07-04T16:50:42Z",
            "default_algorithm": "AES_128",
            "deletion_protection": false,
            "description": "",
            "folder_id": "b1ga67uu4dmh7a6btpgp",
            "id": "abjdpqn2skne4uvf90jc",
            "labels": {},
            "name": "kms-key",
            "rotated_at": "",
            "rotation_period": "8760h0m0s",
            "status": "active",
            "timeouts": null
          },
          "sensitive_attributes": [],
          "private": "eyJlMmJmYjczMC1lY2FhLTExZTYtOGY4OC0zNDM2M2JjN2M0YzAiOnsiY3JlYXRlIjo2MDAwMDAwMDAwMCwiZGVsZXRlIjo2MDAwMDAwMDAwMCwicmVhZCI6NjAwMDAwMDAwMDAsInVwZGF0ZSI6NjAwMDAwMDAwMDB9LCJzY2hlbWFfdmVyc2lvbiI6IjEifQ=="
        }
      ]
    },
    {
      "mode": "managed",
      "type": "yandex_kubernetes_cluster",
      "name": "k8s-zonal",
      "provider": "provider[\"registry.terraform.io/yandex-cloud/yandex\"]",
      "instances": [
        {
          "schema_version": 0,
          "attributes": {
            "cluster_ipv4_range": "10.112.0.0/16",
            "cluster_ipv6_range": "",
            "created_at": "2024-07-04T17:59:02Z",
            "description": "",
            "folder_id": "b1ga67uu4dmh7a6btpgp",
            "health": "healthy",
            "id": "catbpsidh841qc0kou99",
            "kms_provider": [
              {
                "key_id": "abjdpqn2skne4uvf90jc"
              }
            ],
            "labels": {},
            "log_group_id": "",
            "master": [
              {
                "cluster_ca_certificate": "-----BEGIN CERTIFICATE-----\nMIIC5zCCAc+gAwIBAgIBADANBgkqhkiG9w0BAQsFADAVMRMwEQYDVQQDEwprdWJl\ncm5ldGVzMB4XDTI0MDcwNDE3NTkwNFoXDTM0MDcwMjE3NTkwNFowFTETMBEGA1UE\nAxMKa3ViZXJuZXRlczCCASIwDQYJKoZIhvcNAQEBBQADggEPADCCAQoCggEBANfi\nBBQ3xknL8gx8CMossQ7EOfRh+8qKKpcCJu6l0f90c4cNCNO4XIMGf8rFlJjOEQs6\nuM1/P2k2e1QVpXvQvOQMpLYLF89vPKQoAXMAEBeTsqtAo+UxILyo1LYCSzwAUeSv\nsBZbFc4y3mWWPVDAQ8oaTcaWTLp7YQMx71JUqRVq/KqGB9age7aRtm/qqeuGgczJ\nW0zCFJmaVJpaC07u9eDYSGg5hCvZ/myGg6E+f0usXqfR9zAGcM/sDEPOfSRqF695\ntmzX1MYnCROTfgVLmLQGgKn5tDOJhBmA0MULwq2r0s57Mx5nn6jopFe1+Hw6mVME\n6+bwftV5+hA8pEotZn8CAwEAAaNCMEAwDgYDVR0PAQH/BAQDAgKkMA8GA1UdEwEB\n/wQFMAMBAf8wHQYDVR0OBBYEFNaXel55OQfY1S1S/PwVkRMbfFGiMA0GCSqGSIb3\nDQEBCwUAA4IBAQA6/wKkR8G8++FthNf7Fybq/j7mYjo1UE/xifcaZRJ3A2aKE53G\ngxTRV6/Pws+0CokES+4PiJ53d8Yp0fV/Pe/ycaCYRDQgxtBdUECXpa80Ggz7eukE\nKcy7PO/YmiVov6GWkbMt7No5Z+UVbdNkmY2oou+997KZ6cvA4aENkCzF5i1FqSzA\nKngxwhzoKJkZn/HQYrGAHSl/8lESFC0+kpvR8kC2WP0eIMyqCN4yfcP8P3oI/wGz\nYiHVPveD9mMZNyCPKe1Y81P+l02t3qWGyV3M0VqEGURCPplzC+T/vXztUov8ziDz\nr2pBKIIvrHfBV+hEdKpOy919Q8/DDRr80Grv\n-----END CERTIFICATE-----\n",
                "etcd_cluster_size": 1,
                "external_v4_address": "158.160.46.184",
                "external_v4_endpoint": "https://158.160.46.184",
                "external_v6_address": "",
                "external_v6_endpoint": "",
                "internal_v4_address": "10.1.0.21",
                "internal_v4_endpoint": "https://10.1.0.21",
                "maintenance_policy": [
                  {
                    "auto_upgrade": true,
                    "maintenance_window": []
                  }
                ],
                "master_location": [
                  {
                    "subnet_id": "e9b4sfjoj56703ro5g61",
                    "zone": "ru-central1-a"
                  }
                ],
                "master_logging": [],
                "public_ip": true,
                "regional": [],
                "security_group_ids": [
                  "enp8amep719bgaci9al6"
                ],
                "version": "1.27",
                "version_info": [
                  {
                    "current_version": "1.27",
                    "new_revision_available": false,
                    "new_revision_summary": "",
                    "version_deprecated": false
                  }
                ],
                "zonal": [
                  {
                    "subnet_id": "",
                    "zone": "ru-central1-a"
                  }
                ]
              }
            ],
            "name": "k8s-zonal",
            "network_id": "enp2l7jflilelog4h5a3",
            "network_implementation": [],
            "network_policy_provider": null,
            "node_ipv4_cidr_mask_size": 24,
            "node_service_account_id": "ajeuh5fatkp8f48j7g6f",
            "release_channel": "REGULAR",
            "service_account_id": "ajeuh5fatkp8f48j7g6f",
            "service_ipv4_range": "10.96.0.0/16",
            "service_ipv6_range": "",
            "status": "running",
            "timeouts": null
          },
          "sensitive_attributes": [],
          "private": "eyJlMmJmYjczMC1lY2FhLTExZTYtOGY4OC0zNDM2M2JjN2M0YzAiOnsiY3JlYXRlIjoxODAwMDAwMDAwMDAwLCJkZWxldGUiOjEyMDAwMDAwMDAwMDAsInJlYWQiOjMwMDAwMDAwMDAwMCwidXBkYXRlIjoxODAwMDAwMDAwMDAwfX0=",
          "dependencies": [
            "yandex_iam_service_account.myaccount",
            "yandex_kms_symmetric_key.kms-key",
            "yandex_resourcemanager_folder_iam_member.encrypterDecrypter",
            "yandex_resourcemanager_folder_iam_member.images-puller",
            "yandex_resourcemanager_folder_iam_member.k8s-clusters-agent",
            "yandex_resourcemanager_folder_iam_member.vpc-public-admin",
            "yandex_vpc_network.mynet",
            "yandex_vpc_security_group.k8s-public-services",
            "yandex_vpc_subnet.mysubnet"
          ]
        }
      ]
    },
    {
      "mode": "managed",
      "type": "yandex_kubernetes_node_group",
      "name": "nodegroup",
      "provider": "provider[\"registry.terraform.io/yandex-cloud/yandex\"]",
      "instances": [
        {
          "schema_version": 0,
          "attributes": {
            "allocation_policy": [
              {
                "location": [
                  {
                    "subnet_id": "e9b4sfjoj56703ro5g61",
                    "zone": "ru-central1-a"
                  }
                ]
              }
            ],
            "allowed_unsafe_sysctls": [],
            "cluster_id": "catbpsidh841qc0kou99",
            "created_at": "2024-07-04T18:07:01Z",
            "deploy_policy": [
              {
                "max_expansion": 3,
                "max_unavailable": 0
              }
            ],
            "description": "group",
            "id": "cat9rioo40paagjg8a7f",
            "instance_group_id": "cl1eagvfbso8liius9bg",
            "instance_template": [
              {
                "boot_disk": [
                  {
                    "size": 64,
                    "type": "network-hdd"
                  }
                ],
                "container_network": [
                  {
                    "pod_mtu": 0
                  }
                ],
                "container_runtime": [
                  {
                    "type": "containerd"
                  }
                ],
                "gpu_settings": [],
                "labels": {},
                "metadata": {},
                "name": "",
                "nat": false,
                "network_acceleration_type": "type_unspecified",
                "network_interface": [
                  {
                    "ipv4": true,
                    "ipv4_dns_records": [],
                    "ipv6": false,
                    "ipv6_dns_records": [],
                    "nat": false,
                    "security_group_ids": [],
                    "subnet_ids": [
                      "e9b4sfjoj56703ro5g61"
                    ]
                  }
                ],
                "placement_policy": [],
                "platform_id": "standard-v2",
                "resources": [
                  {
                    "core_fraction": 5,
                    "cores": 2,
                    "gpus": 0,
                    "memory": 4
                  }
                ],
                "scheduling_policy": [
                  {
                    "preemptible": false
                  }
                ]
              }
            ],
            "labels": {
              "key": "value"
            },
            "maintenance_policy": [
              {
                "auto_repair": true,
                "auto_upgrade": true,
                "maintenance_window": []
              }
            ],
            "name": "nodegroup",
            "node_labels": {},
            "node_taints": [],
            "scale_policy": [
              {
                "auto_scale": [],
                "fixed_scale": [
                  {
                    "size": 2
                  }
                ]
              }
            ],
            "status": "running",
            "timeouts": null,
            "version": "1.27",
            "version_info": [
              {
                "current_version": "1.27",
                "new_revision_available": false,
                "new_revision_summary": "",
                "version_deprecated": false
              }
            ]
          },
          "sensitive_attributes": [],
          "private": "eyJlMmJmYjczMC1lY2FhLTExZTYtOGY4OC0zNDM2M2JjN2M0YzAiOnsiY3JlYXRlIjozNjAwMDAwMDAwMDAwLCJkZWxldGUiOjEyMDAwMDAwMDAwMDAsInJlYWQiOjYwMDAwMDAwMDAwMCwidXBkYXRlIjozNjAwMDAwMDAwMDAwfX0=",
          "dependencies": [
            "yandex_iam_service_account.myaccount",
            "yandex_kms_symmetric_key.kms-key",
            "yandex_kubernetes_cluster.k8s-zonal",
            "yandex_resourcemanager_folder_iam_member.encrypterDecrypter",
            "yandex_resourcemanager_folder_iam_member.images-puller",
            "yandex_resourcemanager_folder_iam_member.k8s-clusters-agent",
            "yandex_resourcemanager_folder_iam_member.vpc-public-admin",
            "yandex_vpc_network.mynet",
            "yandex_vpc_security_group.k8s-public-services",
            "yandex_vpc_subnet.mysubnet"
          ]
        }
      ]
    },
    {
      "mode": "managed",
      "type": "yandex_resourcemanager_folder_iam_member",
      "name": "encrypterDecrypter",
      "provider": "provider[\"registry.terraform.io/yandex-cloud/yandex\"]",
      "instances": [
        {
          "schema_version": 0,
          "attributes": {
            "folder_id": "b1ga67uu4dmh7a6btpgp",
            "id": "b1ga67uu4dmh7a6btpgp/kms.keys.encrypterDecrypter/serviceAccount:ajeuh5fatkp8f48j7g6f",
            "member": "serviceAccount:ajeuh5fatkp8f48j7g6f",
            "role": "kms.keys.encrypterDecrypter",
            "sleep_after": null,
            "timeouts": null
          },
          "sensitive_attributes": [],
          "private": "eyJlMmJmYjczMC1lY2FhLTExZTYtOGY4OC0zNDM2M2JjN2M0YzAiOnsiY3JlYXRlIjo2MDAwMDAwMDAwMCwiZGVmYXVsdCI6NjAwMDAwMDAwMDAsImRlbGV0ZSI6NjAwMDAwMDAwMDAsInJlYWQiOjYwMDAwMDAwMDAwLCJ1cGRhdGUiOjYwMDAwMDAwMDAwfX0=",
          "dependencies": [
            "yandex_iam_service_account.myaccount"
          ]
        }
      ]
    },
    {
      "mode": "managed",
      "type": "yandex_resourcemanager_folder_iam_member",
      "name": "images-puller",
      "provider": "provider[\"registry.terraform.io/yandex-cloud/yandex\"]",
      "instances": [
        {
          "schema_version": 0,
          "attributes": {
            "folder_id": "b1ga67uu4dmh7a6btpgp",
            "id": "b1ga67uu4dmh7a6btpgp/container-registry.images.puller/serviceAccount:ajeuh5fatkp8f48j7g6f",
            "member": "serviceAccount:ajeuh5fatkp8f48j7g6f",
            "role": "container-registry.images.puller",
            "sleep_after": null,
            "timeouts": null
          },
          "sensitive_attributes": [],
          "private": "eyJlMmJmYjczMC1lY2FhLTExZTYtOGY4OC0zNDM2M2JjN2M0YzAiOnsiY3JlYXRlIjo2MDAwMDAwMDAwMCwiZGVmYXVsdCI6NjAwMDAwMDAwMDAsImRlbGV0ZSI6NjAwMDAwMDAwMDAsInJlYWQiOjYwMDAwMDAwMDAwLCJ1cGRhdGUiOjYwMDAwMDAwMDAwfX0=",
          "dependencies": [
            "yandex_iam_service_account.myaccount"
          ]
        }
      ]
    },
    {
      "mode": "managed",
      "type": "yandex_resourcemanager_folder_iam_member",
      "name": "k8s-clusters-agent",
      "provider": "provider[\"registry.terraform.io/yandex-cloud/yandex\"]",
      "instances": [
        {
          "schema_version": 0,
          "attributes": {
            "folder_id": "b1ga67uu4dmh7a6btpgp",
            "id": "b1ga67uu4dmh7a6btpgp/k8s.clusters.agent/serviceAccount:ajeuh5fatkp8f48j7g6f",
            "member": "serviceAccount:ajeuh5fatkp8f48j7g6f",
            "role": "k8s.clusters.agent",
            "sleep_after": null,
            "timeouts": null
          },
          "sensitive_attributes": [],
          "private": "eyJlMmJmYjczMC1lY2FhLTExZTYtOGY4OC0zNDM2M2JjN2M0YzAiOnsiY3JlYXRlIjo2MDAwMDAwMDAwMCwiZGVmYXVsdCI6NjAwMDAwMDAwMDAsImRlbGV0ZSI6NjAwMDAwMDAwMDAsInJlYWQiOjYwMDAwMDAwMDAwLCJ1cGRhdGUiOjYwMDAwMDAwMDAwfX0=",
          "dependencies": [
            "yandex_iam_service_account.myaccount"
          ]
        }
      ]
    },
    {
      "mode": "managed",
      "type": "yandex_resourcemanager_folder_iam_member",
      "name": "vpc-public-admin",
      "provider": "provider[\"registry.terraform.io/yandex-cloud/yandex\"]",
      "instances": [
        {
          "schema_version": 0,
          "attributes": {
            "folder_id": "b1ga67uu4dmh7a6btpgp",
            "id": "b1ga67uu4dmh7a6btpgp/vpc.publicAdmin/serviceAccount:ajeuh5fatkp8f48j7g6f",
            "member": "serviceAccount:ajeuh5fatkp8f48j7g6f",
            "role": "vpc.publicAdmin",
            "sleep_after": null,
            "timeouts": null
          },
          "sensitive_attributes": [],
          "private": "eyJlMmJmYjczMC1lY2FhLTExZTYtOGY4OC0zNDM2M2JjN2M0YzAiOnsiY3JlYXRlIjo2MDAwMDAwMDAwMCwiZGVmYXVsdCI6NjAwMDAwMDAwMDAsImRlbGV0ZSI6NjAwMDAwMDAwMDAsInJlYWQiOjYwMDAwMDAwMDAwLCJ1cGRhdGUiOjYwMDAwMDAwMDAwfX0=",
          "dependencies": [
            "yandex_iam_service_account.myaccount"
          ]
        }
      ]
    },
    {
      "mode": "managed",
      "type": "yandex_vpc_network",
      "name": "mynet",
      "provider": "provider[\"registry.terraform.io/yandex-cloud/yandex\"]",
      "instances": [
        {
          "schema_version": 0,
          "attributes": {
            "created_at": "2024-07-04T16:50:42Z",
            "default_security_group_id": "enpt95mm4rho2mm7mela",
            "description": "",
            "folder_id": "b1ga67uu4dmh7a6btpgp",
            "id": "enp2l7jflilelog4h5a3",
            "labels": {},
            "name": "mynet",
            "subnet_ids": [
              "e9b4sfjoj56703ro5g61",
              "e9be8qr07sm5uatvfvha",
              "e9bs7o0380ivdp8unfl2"
            ],
            "timeouts": null
          },
          "sensitive_attributes": [],
          "private": "eyJlMmJmYjczMC1lY2FhLTExZTYtOGY4OC0zNDM2M2JjN2M0YzAiOnsiY3JlYXRlIjo2MDAwMDAwMDAwMCwiZGVsZXRlIjo2MDAwMDAwMDAwMCwidXBkYXRlIjo2MDAwMDAwMDAwMH19"
        }
      ]
    },
    {
      "mode": "managed",
      "type": "yandex_vpc_security_group",
      "name": "k8s-public-services",
      "provider": "provider[\"registry.terraform.io/yandex-cloud/yandex\"]",
      "instances": [
        {
          "schema_version": 0,
          "attributes": {
            "created_at": "2024-07-04T16:50:46Z",
            "description": "Правила группы разрешают подключение к сервисам из интернета. Примените правила только для групп узлов.",
            "egress": [
              {
                "description": "Правило разрешает весь исходящий трафик. Узлы могут связаться с Yandex Container Registry, Yandex Object Storage, Docker Hub и т. д.",
                "from_port": 0,
                "id": "enp3hj7h36vn9cd32b55",
                "labels": {},
                "port": -1,
                "predefined_target": "",
                "protocol": "ANY",
                "security_group_id": "",
                "to_port": 65535,
                "v4_cidr_blocks": [
                  "0.0.0.0/0"
                ],
                "v6_cidr_blocks": []
              }
            ],
            "folder_id": "b1ga67uu4dmh7a6btpgp",
            "id": "enp8amep719bgaci9al6",
            "ingress": [
              {
                "description": "Правило разрешает взаимодействие мастер-узел и узел-узел внутри группы безопасности.",
                "from_port": 0,
                "id": "enpnmsfov7s2llqe86v8",
                "labels": {},
                "port": -1,
                "predefined_target": "self_security_group",
                "protocol": "ANY",
                "security_group_id": "",
                "to_port": 65535,
                "v4_cidr_blocks": [],
                "v6_cidr_blocks": []
              },
              {
                "description": "Правило разрешает взаимодействие под-под и сервис-сервис. Укажите подсети вашего кластера Managed Service for Kubernetes и сервисов.",
                "from_port": 0,
                "id": "enpgdhdsulaef0r58h1c",
                "labels": {},
                "port": -1,
                "predefined_target": "",
                "protocol": "ANY",
                "security_group_id": "",
                "to_port": 65535,
                "v4_cidr_blocks": [
                  "10.1.0.0/16"
                ],
                "v6_cidr_blocks": []
              },
              {
                "description": "Правило разрешает входящий трафик из интернета на диапазон портов NodePort. Добавьте или измените порты на нужные вам.",
                "from_port": 30000,
                "id": "enpqm4uum71dofd455d0",
                "labels": {},
                "port": -1,
                "predefined_target": "",
                "protocol": "TCP",
                "security_group_id": "",
                "to_port": 32767,
                "v4_cidr_blocks": [
                  "0.0.0.0/0"
                ],
                "v6_cidr_blocks": []
              },
              {
                "description": "Правило разрешает отладочные ICMP-пакеты из внутренних подсетей.",
                "from_port": -1,
                "id": "enpf5qn8pbdodjltg8mn",
                "labels": {},
                "port": -1,
                "predefined_target": "",
                "protocol": "ICMP",
                "security_group_id": "",
                "to_port": -1,
                "v4_cidr_blocks": [
                  "10.0.0.0/8",
                  "172.16.0.0/12",
                  "192.168.0.0/16"
                ],
                "v6_cidr_blocks": []
              },
              {
                "description": "Правило разрешает проверки доступности с диапазона адресов балансировщика нагрузки. Нужно для работы отказоустойчивого кластера Managed Service for Kubernetes и сервисов балансировщика.",
                "from_port": 0,
                "id": "enpk6228t4kr45pph6se",
                "labels": {},
                "port": -1,
                "predefined_target": "loadbalancer_healthchecks",
                "protocol": "TCP",
                "security_group_id": "",
                "to_port": 65535,
                "v4_cidr_blocks": [],
                "v6_cidr_blocks": []
              }
            ],
            "labels": {},
            "name": "k8s-public-services",
            "network_id": "enp2l7jflilelog4h5a3",
            "status": "ACTIVE",
            "timeouts": null
          },
          "sensitive_attributes": [],
          "private": "eyJlMmJmYjczMC1lY2FhLTExZTYtOGY4OC0zNDM2M2JjN2M0YzAiOnsiY3JlYXRlIjoxODAwMDAwMDAwMDAsImRlbGV0ZSI6MTgwMDAwMDAwMDAwLCJ1cGRhdGUiOjE4MDAwMDAwMDAwMH19",
          "dependencies": [
            "yandex_vpc_network.mynet",
            "yandex_vpc_subnet.mysubnet"
          ]
        }
      ]
    },
    {
      "mode": "managed",
      "type": "yandex_vpc_subnet",
      "name": "mysubnet",
      "provider": "provider[\"registry.terraform.io/yandex-cloud/yandex\"]",
      "instances": [
        {
          "schema_version": 0,
          "attributes": {
            "created_at": "2024-07-04T16:50:44Z",
            "description": "",
            "dhcp_options": [],
            "folder_id": "b1ga67uu4dmh7a6btpgp",
            "id": "e9b4sfjoj56703ro5g61",
            "labels": {},
            "name": "mysubnet",
            "network_id": "enp2l7jflilelog4h5a3",
            "route_table_id": "",
            "timeouts": null,
            "v4_cidr_blocks": [
              "10.1.0.0/16"
            ],
            "v6_cidr_blocks": [],
            "zone": "ru-central1-a"
          },
          "sensitive_attributes": [],
          "private": "eyJlMmJmYjczMC1lY2FhLTExZTYtOGY4OC0zNDM2M2JjN2M0YzAiOnsiY3JlYXRlIjoxODAwMDAwMDAwMDAsImRlbGV0ZSI6MTgwMDAwMDAwMDAwLCJ1cGRhdGUiOjE4MDAwMDAwMDAwMH19",
          "dependencies": [
            "yandex_vpc_network.mynet"
          ]
        }
      ]
    }
  ],
  "check_results": null
}
